
Microsoft Visual Studio Solution File, Format Version 12.00
# Visual Studio Version 17
VisualStudioVersion = 17.8.34330.188
MinimumVisualStudioVersion = 10.0.40219.1
Project("{9A19103F-16F7-4668-BE54-9A1E7A4F7556}") = "BioBalanceShop", "BioBalanceShop\BioBalanceShop.csproj", "{457356F4-01BA-451D-A075-4FEC20BFDA7E}"
EndProject
Project("{9A19103F-16F7-4668-BE54-9A1E7A4F7556}") = "BioBalanceShop.Core", "BioBalanceShop.Core\BioBalanceShop.Core.csproj", "{8BAEA0B7-E6F6-410A-B4E9-1CEE9E169A4C}"
EndProject
Project("{9A19103F-16F7-4668-BE54-9A1E7A4F7556}") = "BioBalanceShop.Infrastructure", "BioBalanceShop.Infrastructure\BioBalanceShop.Infrastructure.csproj", "{91F79158-E06B-4B42-9D8E-0FDA02999569}"
EndProject
Project("{FAE04EC0-301F-11D3-BF4B-00C04F79EFBC}") = "BioBalanceShop.Tests", "BioBalanceShop.Tests\BioBalanceShop.Tests.csproj", "{E33E96BB-0C76-4E8D-8A67-0394B8A7D867}"
EndProject
Global
	GlobalSection(SolutionConfigurationPlatforms) = preSolution
		Debug|Any CPU = Debug|Any CPU
		Release|Any CPU = Release|Any CPU
	EndGlobalSection
	GlobalSection(ProjectConfigurationPlatforms) = postSolution
		{457356F4-01BA-451D-A075-4FEC20BFDA7E}.Debug|Any CPU.ActiveCfg = Debug|Any CPU
		{457356F4-01BA-451D-A075-4FEC20BFDA7E}.Debug|Any CPU.Build.0 = Debug|Any CPU
		{457356F4-01BA-451D-A075-4FEC20BFDA7E}.Release|Any CPU.ActiveCfg = Release|Any CPU
		{457356F4-01BA-451D-A075-4FEC20BFDA7E}.Release|Any CPU.Build.0 = Release|Any CPU
		{8BAEA0B7-E6F6-410A-B4E9-1CEE9E169A4C}.Debug|Any CPU.ActiveCfg = Debug|Any CPU
		{8BAEA0B7-E6F6-410A-B4E9-1CEE9E169A4C}.Debug|Any CPU.Build.0 = Debug|Any CPU
		{8BAEA0B7-E6F6-410A-B4E9-1CEE9E169A4C}.Release|Any CPU.ActiveCfg = Release|Any CPU
		{8BAEA0B7-E6F6-410A-B4E9-1CEE9E169A4C}.Release|Any CPU.Build.0 = Release|Any CPU
		{91F79158-E06B-4B42-9D8E-0FDA02999569}.Debug|Any CPU.ActiveCfg = Debug|Any CPU
		{91F79158-E06B-4B42-9D8E-0FDA02999569}.Debug|Any CPU.Build.0 = Debug|Any CPU
		{91F79158-E06B-4B42-9D8E-0FDA02999569}.Release|Any CPU.ActiveCfg = Release|Any CPU
		{91F79158-E06B-4B42-9D8E-0FDA02999569}.Release|Any CPU.Build.0 = Release|Any CPU
		{E33E96BB-0C76-4E8D-8A67-0394B8A7D867}.Debug|Any CPU.ActiveCfg = Debug|Any CPU
		{E33E96BB-0C76-4E8D-8A67-0394B8A7D867}.Debug|Any CPU.Build.0 = Debug|Any CPU
		{E33E96BB-0C76-4E8D-8A67-0394B8A7D867}.Release|Any CPU.ActiveCfg = Release|Any CPU
		{E33E96BB-0C76-4E8D-8A67-0394B8A7D867}.Release|Any CPU.Build.0 = Release|Any CPU
	EndGlobalSection
	GlobalSection(SolutionProperties) = preSolution
		HideSolutionNode = FALSE
	EndGlobalSection
	GlobalSection(ExtensibilityGlobals) = postSolution
		SolutionGuid = {1C622E43-FBF9-4C20-84E4-204F4F2827B4}
	EndGlobalSection
EndGlobal
